
Microsoft Visual Studio Solution File, Format Version 12.00
Project("{FAE04EC0-301F-11D3-BF4B-00C04F79EFBC}") = "fnPostDatabase", "fnPostDatabase.csproj", "{D350B572-B5F4-4704-960F-FB2D06B0F502}"
EndProject
Global
	GlobalSection(SolutionConfigurationPlatforms) = preSolution
		Debug|Any CPU = Debug|Any CPU
		Release|Any CPU = Release|Any CPU
	EndGlobalSection
	GlobalSection(ProjectConfigurationPlatforms) = postSolution
		{D350B572-B5F4-4704-960F-FB2D06B0F502}.Debug|Any CPU.ActiveCfg = Debug|Any CPU
		{D350B572-B5F4-4704-960F-FB2D06B0F502}.Debug|Any CPU.Build.0 = Debug|Any CPU
		{D350B572-B5F4-4704-960F-FB2D06B0F502}.Release|Any CPU.ActiveCfg = Release|Any CPU
		{D350B572-B5F4-4704-960F-FB2D06B0F502}.Release|Any CPU.Build.0 = Release|Any CPU
	EndGlobalSection
EndGlobal
